// !$*UTF8*$!
{
	archiveVersion = 1;
	classes = {
	};
	objectVersion = 55;
	objects = {

/* Begin PBXBuildFile section */
		D2416BEE27A9CB57004350F3 /* AppDelegate.swift in Sources */ = {isa = PBXBuildFile; fileRef = D2416BED27A9CB57004350F3 /* AppDelegate.swift */; };
		D2416BF027A9CB57004350F3 /* SceneDelegate.swift in Sources */ = {isa = PBXBuildFile; fileRef = D2416BEF27A9CB57004350F3 /* SceneDelegate.swift */; };
		D2416BF227A9CB57004350F3 /* ViewController.swift in Sources */ = {isa = PBXBuildFile; fileRef = D2416BF127A9CB57004350F3 /* ViewController.swift */; };
		D2416BF527A9CB57004350F3 /* Main.storyboard in Resources */ = {isa = PBXBuildFile; fileRef = D2416BF327A9CB57004350F3 /* Main.storyboard */; };
		D2416BF727A9CB58004350F3 /* Assets.xcassets in Resources */ = {isa = PBXBuildFile; fileRef = D2416BF627A9CB58004350F3 /* Assets.xcassets */; };
		D2416BFA27A9CB58004350F3 /* LaunchScreen.storyboard in Resources */ = {isa = PBXBuildFile; fileRef = D2416BF827A9CB58004350F3 /* LaunchScreen.storyboard */; };
		D2416C0827A9CCA1004350F3 /* Character.swift in Sources */ = {isa = PBXBuildFile; fileRef = D2416C0727A9CCA1004350F3 /* Character.swift */; };
		D2416C0A27A9D197004350F3 /* NetworkController.swift in Sources */ = {isa = PBXBuildFile; fileRef = D2416C0927A9D197004350F3 /* NetworkController.swift */; };
		D2416C0C27A9D93F004350F3 /* CharacterListTableViewController.swift in Sources */ = {isa = PBXBuildFile; fileRef = D2416C0B27A9D93F004350F3 /* CharacterListTableViewController.swift */; };
/* End PBXBuildFile section */

/* Begin PBXFileReference section */
		D2416BEA27A9CB57004350F3 /* Thrones.app */ = {isa = PBXFileReference; explicitFileType = wrapper.application; includeInIndex = 0; path = Thrones.app; sourceTree = BUILT_PRODUCTS_DIR; };
		D2416BED27A9CB57004350F3 /* AppDelegate.swift */ = {isa = PBXFileReference; lastKnownFileType = sourcecode.swift; path = AppDelegate.swift; sourceTree = "<group>"; };
		D2416BEF27A9CB57004350F3 /* SceneDelegate.swift */ = {isa = PBXFileReference; lastKnownFileType = sourcecode.swift; path = SceneDelegate.swift; sourceTree = "<group>"; };
		D2416BF127A9CB57004350F3 /* ViewController.swift */ = {isa = PBXFileReference; lastKnownFileType = sourcecode.swift; path = ViewController.swift; sourceTree = "<group>"; };
		D2416BF427A9CB57004350F3 /* Base */ = {isa = PBXFileReference; lastKnownFileType = file.storyboard; name = Base; path = Base.lproj/Main.storyboard; sourceTree = "<group>"; };
		D2416BF627A9CB58004350F3 /* Assets.xcassets */ = {isa = PBXFileReference; lastKnownFileType = folder.assetcatalog; path = Assets.xcassets; sourceTree = "<group>"; };
		D2416BF927A9CB58004350F3 /* Base */ = {isa = PBXFileReference; lastKnownFileType = file.storyboard; name = Base; path = Base.lproj/LaunchScreen.storyboard; sourceTree = "<group>"; };
		D2416BFB27A9CB58004350F3 /* Info.plist */ = {isa = PBXFileReference; lastKnownFileType = text.plist.xml; path = Info.plist; sourceTree = "<group>"; };
		D2416C0727A9CCA1004350F3 /* Character.swift */ = {isa = PBXFileReference; lastKnownFileType = sourcecode.swift; path = Character.swift; sourceTree = "<group>"; };
		D2416C0927A9D197004350F3 /* NetworkController.swift */ = {isa = PBXFileReference; lastKnownFileType = sourcecode.swift; path = NetworkController.swift; sourceTree = "<group>"; };
		D2416C0B27A9D93F004350F3 /* CharacterListTableViewController.swift */ = {isa = PBXFileReference; lastKnownFileType = sourcecode.swift; path = CharacterListTableViewController.swift; sourceTree = "<group>"; };
/* End PBXFileReference section */

/* Begin PBXFrameworksBuildPhase section */
		D2416BE727A9CB57004350F3 /* Frameworks */ = {
			isa = PBXFrameworksBuildPhase;
			buildActionMask = 2147483647;
			files = (
			);
			runOnlyForDeploymentPostprocessing = 0;
		};
/* End PBXFrameworksBuildPhase section */

/* Begin PBXGroup section */
		D2416BE127A9CB57004350F3 = {
			isa = PBXGroup;
			children = (
				D2416BEC27A9CB57004350F3 /* Thrones */,
				D2416BEB27A9CB57004350F3 /* Products */,
			);
			sourceTree = "<group>";
		};
		D2416BEB27A9CB57004350F3 /* Products */ = {
			isa = PBXGroup;
			children = (
				D2416BEA27A9CB57004350F3 /* Thrones.app */,
			);
			name = Products;
			sourceTree = "<group>";
		};
		D2416BEC27A9CB57004350F3 /* Thrones */ = {
			isa = PBXGroup;
			children = (
				D2416C0427A9CC86004350F3 /* Models */,
				D2416C0327A9CC81004350F3 /* Views */,
				D2416C0227A9CC7C004350F3 /* Controllers */,
				D2416C0127A9CC27004350F3 /* Resources */,
				D2416BF127A9CB57004350F3 /* ViewController.swift */,
			);
			path = Thrones;
			sourceTree = "<group>";
		};
		D2416C0127A9CC27004350F3 /* Resources */ = {
			isa = PBXGroup;
			children = (
				D2416BED27A9CB57004350F3 /* AppDelegate.swift */,
				D2416BEF27A9CB57004350F3 /* SceneDelegate.swift */,
				D2416BF627A9CB58004350F3 /* Assets.xcassets */,
				D2416BF827A9CB58004350F3 /* LaunchScreen.storyboard */,
				D2416BFB27A9CB58004350F3 /* Info.plist */,
			);
			path = Resources;
			sourceTree = "<group>";
		};
		D2416C0227A9CC7C004350F3 /* Controllers */ = {
			isa = PBXGroup;
			children = (
				D2416C0627A9CC93004350F3 /* View Controllers */,
				D2416C0527A9CC8D004350F3 /* Model Controllers */,
				D2416C0927A9D197004350F3 /* NetworkController.swift */,
			);
			path = Controllers;
			sourceTree = "<group>";
		};
		D2416C0327A9CC81004350F3 /* Views */ = {
			isa = PBXGroup;
			children = (
				D2416BF327A9CB57004350F3 /* Main.storyboard */,
			);
			path = Views;
			sourceTree = "<group>";
		};
		D2416C0427A9CC86004350F3 /* Models */ = {
			isa = PBXGroup;
			children = (
				D2416C0727A9CCA1004350F3 /* Character.swift */,
			);
			path = Models;
			sourceTree = "<group>";
		};
		D2416C0527A9CC8D004350F3 /* Model Controllers */ = {
			isa = PBXGroup;
			children = (
			);
			path = "Model Controllers";
			sourceTree = "<group>";
		};
		D2416C0627A9CC93004350F3 /* View Controllers */ = {
			isa = PBXGroup;
			children = (
				D2416C0B27A9D93F004350F3 /* CharacterListTableViewController.swift */,
			);
			path = "View Controllers";
			sourceTree = "<group>";
		};
/* End PBXGroup section */

/* Begin PBXNativeTarget section */
		D2416BE927A9CB57004350F3 /* Thrones */ = {
			isa = PBXNativeTarget;
			buildConfigurationList = D2416BFE27A9CB58004350F3 /* Build configuration list for PBXNativeTarget "Thrones" */;
			buildPhases = (
				D2416BE627A9CB57004350F3 /* Sources */,
				D2416BE727A9CB57004350F3 /* Frameworks */,
				D2416BE827A9CB57004350F3 /* Resources */,
			);
			buildRules = (
			);
			dependencies = (
			);
			name = Thrones;
			productName = Thrones;
			productReference = D2416BEA27A9CB57004350F3 /* Thrones.app */;
			productType = "com.apple.product-type.application";
		};
/* End PBXNativeTarget section */

/* Begin PBXProject section */
		D2416BE227A9CB57004350F3 /* Project object */ = {
			isa = PBXProject;
			attributes = {
				BuildIndependentTargetsInParallel = 1;
				LastSwiftUpdateCheck = 1320;
				LastUpgradeCheck = 1320;
				TargetAttributes = {
					D2416BE927A9CB57004350F3 = {
						CreatedOnToolsVersion = 13.2.1;
					};
				};
			};
			buildConfigurationList = D2416BE527A9CB57004350F3 /* Build configuration list for PBXProject "Thrones" */;
			compatibilityVersion = "Xcode 13.0";
			developmentRegion = en;
			hasScannedForEncodings = 0;
			knownRegions = (
				en,
				Base,
			);
			mainGroup = D2416BE127A9CB57004350F3;
			productRefGroup = D2416BEB27A9CB57004350F3 /* Products */;
			projectDirPath = "";
			projectRoot = "";
			targets = (
				D2416BE927A9CB57004350F3 /* Thrones */,
			);
		};
/* End PBXProject section */

/* Begin PBXResourcesBuildPhase section */
		D2416BE827A9CB57004350F3 /* Resources */ = {
			isa = PBXResourcesBuildPhase;
			buildActionMask = 2147483647;
			files = (
				D2416BFA27A9CB58004350F3 /* LaunchScreen.storyboard in Resources */,
				D2416BF727A9CB58004350F3 /* Assets.xcassets in Resources */,
				D2416BF527A9CB57004350F3 /* Main.storyboard in Resources */,
			);
			runOnlyForDeploymentPostprocessing = 0;
		};
/* End PBXResourcesBuildPhase section */

/* Begin PBXSourcesBuildPhase section */
		D2416BE627A9CB57004350F3 /* Sources */ = {
			isa = PBXSourcesBuildPhase;
			buildActionMask = 2147483647;
			files = (
				D2416C0A27A9D197004350F3 /* NetworkController.swift in Sources */,
				D2416BF227A9CB57004350F3 /* ViewController.swift in Sources */,
				D2416BEE27A9CB57004350F3 /* AppDelegate.swift in Sources */,
				D2416C0C27A9D93F004350F3 /* CharacterListTableViewController.swift in Sources */,
				D2416BF027A9CB57004350F3 /* SceneDelegate.swift in Sources */,
				D2416C0827A9CCA1004350F3 /* Character.swift in Sources */,
			);
			runOnlyForDeploymentPostprocessing = 0;
		};
/* End PBXSourcesBuildPhase section */

/* Begin PBXVariantGroup section */
		D2416BF327A9CB57004350F3 /* Main.storyboard */ = {
			isa = PBXVariantGroup;
			children = (
				D2416BF427A9CB57004350F3 /* Base */,
			);
			name = Main.storyboard;
			sourceTree = "<group>";
		};
		D2416BF827A9CB58004350F3 /* LaunchScreen.storyboard */ = {
			isa = PBXVariantGroup;
			children = (
				D2416BF927A9CB58004350F3 /* Base */,
			);
			name = LaunchScreen.storyboard;
			sourceTree = "<group>";
		};
/* End PBXVariantGroup section */

/* Begin XCBuildConfiguration section */
		D2416BFC27A9CB58004350F3 /* Debug */ = {
			isa = XCBuildConfiguration;
			buildSettings = {
				ALWAYS_SEARCH_USER_PATHS = NO;
				CLANG_ANALYZER_NONNULL = YES;
				CLANG_ANALYZER_NUMBER_OBJECT_CONVERSION = YES_AGGRESSIVE;
				CLANG_CXX_LANGUAGE_STANDARD = "gnu++17";
				CLANG_CXX_LIBRARY = "libc++";
				CLANG_ENABLE_MODULES = YES;
				CLANG_ENABLE_OBJC_ARC = YES;
				CLANG_ENABLE_OBJC_WEAK = YES;
				CLANG_WARN_BLOCK_CAPTURE_AUTORELEASING = YES;
				CLANG_WARN_BOOL_CONVERSION = YES;
				CLANG_WARN_COMMA = YES;
				CLANG_WARN_CONSTANT_CONVERSION = YES;
				CLANG_WARN_DEPRECATED_OBJC_IMPLEMENTATIONS = YES;
				CLANG_WARN_DIRECT_OBJC_ISA_USAGE = YES_ERROR;
				CLANG_WARN_DOCUMENTATION_COMMENTS = YES;
				CLANG_WARN_EMPTY_BODY = YES;
				CLANG_WARN_ENUM_CONVERSION = YES;
				CLANG_WARN_INFINITE_RECURSION = YES;
				CLANG_WARN_INT_CONVERSION = YES;
				CLANG_WARN_NON_LITERAL_NULL_CONVERSION = YES;
				CLANG_WARN_OBJC_IMPLICIT_RETAIN_SELF = YES;
				CLANG_WARN_OBJC_LITERAL_CONVERSION = YES;
				CLANG_WARN_OBJC_ROOT_CLASS = YES_ERROR;
				CLANG_WARN_QUOTED_INCLUDE_IN_FRAMEWORK_HEADER = YES;
				CLANG_WARN_RANGE_LOOP_ANALYSIS = YES;
				CLANG_WARN_STRICT_PROTOTYPES = YES;
				CLANG_WARN_SUSPICIOUS_MOVE = YES;
				CLANG_WARN_UNGUARDED_AVAILABILITY = YES_AGGRESSIVE;
				CLANG_WARN_UNREACHABLE_CODE = YES;
				CLANG_WARN__DUPLICATE_METHOD_MATCH = YES;
				COPY_PHASE_STRIP = NO;
				DEBUG_INFORMATION_FORMAT = dwarf;
				ENABLE_STRICT_OBJC_MSGSEND = YES;
				ENABLE_TESTABILITY = YES;
				GCC_C_LANGUAGE_STANDARD = gnu11;
				GCC_DYNAMIC_NO_PIC = NO;
				GCC_NO_COMMON_BLOCKS = YES;
				GCC_OPTIMIZATION_LEVEL = 0;
				GCC_PREPROCESSOR_DEFINITIONS = (
					"DEBUG=1",
					"$(inherited)",
				);
				GCC_WARN_64_TO_32_BIT_CONVERSION = YES;
				GCC_WARN_ABOUT_RETURN_TYPE = YES_ERROR;
				GCC_WARN_UNDECLARED_SELECTOR = YES;
				GCC_WARN_UNINITIALIZED_AUTOS = YES_AGGRESSIVE;
				GCC_WARN_UNUSED_FUNCTION = YES;
				GCC_WARN_UNUSED_VARIABLE = YES;
				IPHONEOS_DEPLOYMENT_TARGET = 15.2;
				MTL_ENABLE_DEBUG_INFO = INCLUDE_SOURCE;
				MTL_FAST_MATH = YES;
				ONLY_ACTIVE_ARCH = YES;
				SDKROOT = iphoneos;
				SWIFT_ACTIVE_COMPILATION_CONDITIONS = DEBUG;
				SWIFT_OPTIMIZATION_LEVEL = "-Onone";
			};
			name = Debug;
		};
		D2416BFD27A9CB58004350F3 /* Release */ = {
			isa = XCBuildConfiguration;
			buildSettings = {
				ALWAYS_SEARCH_USER_PATHS = NO;
				CLANG_ANALYZER_NONNULL = YES;
				CLANG_ANALYZER_NUMBER_OBJECT_CONVERSION = YES_AGGRESSIVE;
				CLANG_CXX_LANGUAGE_STANDARD = "gnu++17";
				CLANG_CXX_LIBRARY = "libc++";
				CLANG_ENABLE_MODULES = YES;
				CLANG_ENABLE_OBJC_ARC = YES;
				CLANG_ENABLE_OBJC_WEAK = YES;
				CLANG_WARN_BLOCK_CAPTURE_AUTORELEASING = YES;
				CLANG_WARN_BOOL_CONVERSION = YES;
				CLANG_WARN_COMMA = YES;
				CLANG_WARN_CONSTANT_CONVERSION = YES;
				CLANG_WARN_DEPRECATED_OBJC_IMPLEMENTATIONS = YES;
				CLANG_WARN_DIRECT_OBJC_ISA_USAGE = YES_ERROR;
				CLANG_WARN_DOCUMENTATION_COMMENTS = YES;
				CLANG_WARN_EMPTY_BODY = YES;
				CLANG_WARN_ENUM_CONVERSION = YES;
				CLANG_WARN_INFINITE_RECURSION = YES;
				CLANG_WARN_INT_CONVERSION = YES;
				CLANG_WARN_NON_LITERAL_NULL_CONVERSION = YES;
				CLANG_WARN_OBJC_IMPLICIT_RETAIN_SELF = YES;
				CLANG_WARN_OBJC_LITERAL_CONVERSION = YES;
				CLANG_WARN_OBJC_ROOT_CLASS = YES_ERROR;
				CLANG_WARN_QUOTED_INCLUDE_IN_FRAMEWORK_HEADER = YES;
				CLANG_WARN_RANGE_LOOP_ANALYSIS = YES;
				CLANG_WARN_STRICT_PROTOTYPES = YES;
				CLANG_WARN_SUSPICIOUS_MOVE = YES;
				CLANG_WARN_UNGUARDED_AVAILABILITY = YES_AGGRESSIVE;
				CLANG_WARN_UNREACHABLE_CODE = YES;
				CLANG_WARN__DUPLICATE_METHOD_MATCH = YES;
				COPY_PHASE_STRIP = NO;
				DEBUG_INFORMATION_FORMAT = "dwarf-with-dsym";
				ENABLE_NS_ASSERTIONS = NO;
				ENABLE_STRICT_OBJC_MSGSEND = YES;
				GCC_C_LANGUAGE_STANDARD = gnu11;
				GCC_NO_COMMON_BLOCKS = YES;
				GCC_WARN_64_TO_32_BIT_CONVERSION = YES;
				GCC_WARN_ABOUT_RETURN_TYPE = YES_ERROR;
				GCC_WARN_UNDECLARED_SELECTOR = YES;
				GCC_WARN_UNINITIALIZED_AUTOS = YES_AGGRESSIVE;
				GCC_WARN_UNUSED_FUNCTION = YES;
				GCC_WARN_UNUSED_VARIABLE = YES;
				IPHONEOS_DEPLOYMENT_TARGET = 15.2;
				MTL_ENABLE_DEBUG_INFO = NO;
				MTL_FAST_MATH = YES;
				SDKROOT = iphoneos;
				SWIFT_COMPILATION_MODE = wholemodule;
				SWIFT_OPTIMIZATION_LEVEL = "-O";
				VALIDATE_PRODUCT = YES;
			};
			name = Release;
		};
		D2416BFF27A9CB58004350F3 /* Debug */ = {
			isa = XCBuildConfiguration;
			buildSettings = {
				ASSETCATALOG_COMPILER_APPICON_NAME = AppIcon;
				ASSETCATALOG_COMPILER_GLOBAL_ACCENT_COLOR_NAME = AccentColor;
				CODE_SIGN_STYLE = Automatic;
				CURRENT_PROJECT_VERSION = 1;
				DEVELOPMENT_TEAM = 9V3Q6X8V58;
				GENERATE_INFOPLIST_FILE = YES;
				INFOPLIST_FILE = Thrones/Resources/Info.plist;
				INFOPLIST_KEY_UIApplicationSupportsIndirectInputEvents = YES;
				INFOPLIST_KEY_UILaunchStoryboardName = LaunchScreen;
				INFOPLIST_KEY_UIMainStoryboardFile = Main;
				INFOPLIST_KEY_UISupportedInterfaceOrientations_iPad = "UIInterfaceOrientationPortrait UIInterfaceOrientationPortraitUpsideDown UIInterfaceOrientationLandscapeLeft UIInterfaceOrientationLandscapeRight";
				INFOPLIST_KEY_UISupportedInterfaceOrientations_iPhone = "UIInterfaceOrientationPortrait UIInterfaceOrientationLandscapeLeft UIInterfaceOrientationLandscapeRight";
				LD_RUNPATH_SEARCH_PATHS = (
					"$(inherited)",
					"@executable_path/Frameworks",
				);
				MARKETING_VERSION = 1.0;
				PRODUCT_BUNDLE_IDENTIFIER = com.StatefulApps.Thrones;
				PRODUCT_NAME = "$(TARGET_NAME)";
				SWIFT_EMIT_LOC_STRINGS = YES;
				SWIFT_VERSION = 5.0;
				TARGETED_DEVICE_FAMILY = "1,2";
			};
			name = Debug;
		};
		D2416C0027A9CB58004350F3 /* Release */ = {
			isa = XCBuildConfiguration;
			buildSettings = {
				ASSETCATALOG_COMPILER_APPICON_NAME = AppIcon;
				ASSETCATALOG_COMPILER_GLOBAL_ACCENT_COLOR_NAME = AccentColor;
				CODE_SIGN_STYLE = Automatic;
				CURRENT_PROJECT_VERSION = 1;
				DEVELOPMENT_TEAM = 9V3Q6X8V58;
				GENERATE_INFOPLIST_FILE = YES;
				INFOPLIST_FILE = Thrones/Resources/Info.plist;
				INFOPLIST_KEY_UIApplicationSupportsIndirectInputEvents = YES;
				INFOPLIST_KEY_UILaunchStoryboardName = LaunchScreen;
				INFOPLIST_KEY_UIMainStoryboardFile = Main;
				INFOPLIST_KEY_UISupportedInterfaceOrientations_iPad = "UIInterfaceOrientationPortrait UIInterfaceOrientationPortraitUpsideDown UIInterfaceOrientationLandscapeLeft UIInterfaceOrientationLandscapeRight";
				INFOPLIST_KEY_UISupportedInterfaceOrientations_iPhone = "UIInterfaceOrientationPortrait UIInterfaceOrientationLandscapeLeft UIInterfaceOrientationLandscapeRight";
				LD_RUNPATH_SEARCH_PATHS = (
					"$(inherited)",
					"@executable_path/Frameworks",
				);
				MARKETING_VERSION = 1.0;
				PRODUCT_BUNDLE_IDENTIFIER = com.StatefulApps.Thrones;
				PRODUCT_NAME = "$(TARGET_NAME)";
				SWIFT_EMIT_LOC_STRINGS = YES;
				SWIFT_VERSION = 5.0;
				TARGETED_DEVICE_FAMILY = "1,2";
			};
			name = Release;
		};
/* End XCBuildConfiguration section */

/* Begin XCConfigurationList section */
		D2416BE527A9CB57004350F3 /* Build configuration list for PBXProject "Thrones" */ = {
			isa = XCConfigurationList;
			buildConfigurations = (
				D2416BFC27A9CB58004350F3 /* Debug */,
				D2416BFD27A9CB58004350F3 /* Release */,
			);
			defaultConfigurationIsVisible = 0;
			defaultConfigurationName = Release;
		};
		D2416BFE27A9CB58004350F3 /* Build configuration list for PBXNativeTarget "Thrones" */ = {
			isa = XCConfigurationList;
			buildConfigurations = (
				D2416BFF27A9CB58004350F3 /* Debug */,
				D2416C0027A9CB58004350F3 /* Release */,
			);
			defaultConfigurationIsVisible = 0;
			defaultConfigurationName = Release;
		};
/* End XCConfigurationList section */
	};
	rootObject = D2416BE227A9CB57004350F3 /* Project object */;
}
